
Microsoft Visual Studio Solution File, Format Version 12.00
# Visual Studio Version 16
VisualStudioVersion = 16.0.31205.134
MinimumVisualStudioVersion = 10.0.40219.1
Project("{9A19103F-16F7-4668-BE54-9A1E7A4F7556}") = "Entites", "Entites\Entites.csproj", "{558C1200-FF8C-44F7-97D0-11A17900C142}"
EndProject
Project("{9A19103F-16F7-4668-BE54-9A1E7A4F7556}") = "DataAccess", "DataAccess\DataAccess.csproj", "{AA7DD06C-C957-43E5-ACBF-18124298568B}"
EndProject
Project("{9A19103F-16F7-4668-BE54-9A1E7A4F7556}") = "Business", "Business\Business.csproj", "{D8C738FD-640D-4018-A026-55C00B61015B}"
EndProject
Project("{9A19103F-16F7-4668-BE54-9A1E7A4F7556}") = "Core", "Core\Core.csproj", "{7DDAB493-F982-453B-9CBB-50500AF908D6}"
EndProject
Project("{9A19103F-16F7-4668-BE54-9A1E7A4F7556}") = "WebApi", "Web Api\WebApi.csproj", "{3F5505B1-402C-4AD1-9330-321BDB12E5EB}"
EndProject
Global
	GlobalSection(SolutionConfigurationPlatforms) = preSolution
		Debug|Any CPU = Debug|Any CPU
		Release|Any CPU = Release|Any CPU
	EndGlobalSection
	GlobalSection(ProjectConfigurationPlatforms) = postSolution
		{558C1200-FF8C-44F7-97D0-11A17900C142}.Debug|Any CPU.ActiveCfg = Debug|Any CPU
		{558C1200-FF8C-44F7-97D0-11A17900C142}.Debug|Any CPU.Build.0 = Debug|Any CPU
		{558C1200-FF8C-44F7-97D0-11A17900C142}.Release|Any CPU.ActiveCfg = Release|Any CPU
		{558C1200-FF8C-44F7-97D0-11A17900C142}.Release|Any CPU.Build.0 = Release|Any CPU
		{AA7DD06C-C957-43E5-ACBF-18124298568B}.Debug|Any CPU.ActiveCfg = Debug|Any CPU
		{AA7DD06C-C957-43E5-ACBF-18124298568B}.Debug|Any CPU.Build.0 = Debug|Any CPU
		{AA7DD06C-C957-43E5-ACBF-18124298568B}.Release|Any CPU.ActiveCfg = Release|Any CPU
		{AA7DD06C-C957-43E5-ACBF-18124298568B}.Release|Any CPU.Build.0 = Release|Any CPU
		{D8C738FD-640D-4018-A026-55C00B61015B}.Debug|Any CPU.ActiveCfg = Debug|Any CPU
		{D8C738FD-640D-4018-A026-55C00B61015B}.Debug|Any CPU.Build.0 = Debug|Any CPU
		{D8C738FD-640D-4018-A026-55C00B61015B}.Release|Any CPU.ActiveCfg = Release|Any CPU
		{D8C738FD-640D-4018-A026-55C00B61015B}.Release|Any CPU.Build.0 = Release|Any CPU
		{7DDAB493-F982-453B-9CBB-50500AF908D6}.Debug|Any CPU.ActiveCfg = Debug|Any CPU
		{7DDAB493-F982-453B-9CBB-50500AF908D6}.Debug|Any CPU.Build.0 = Debug|Any CPU
		{7DDAB493-F982-453B-9CBB-50500AF908D6}.Release|Any CPU.ActiveCfg = Release|Any CPU
		{7DDAB493-F982-453B-9CBB-50500AF908D6}.Release|Any CPU.Build.0 = Release|Any CPU
		{3F5505B1-402C-4AD1-9330-321BDB12E5EB}.Debug|Any CPU.ActiveCfg = Debug|Any CPU
		{3F5505B1-402C-4AD1-9330-321BDB12E5EB}.Debug|Any CPU.Build.0 = Debug|Any CPU
		{3F5505B1-402C-4AD1-9330-321BDB12E5EB}.Release|Any CPU.ActiveCfg = Release|Any CPU
		{3F5505B1-402C-4AD1-9330-321BDB12E5EB}.Release|Any CPU.Build.0 = Release|Any CPU
	EndGlobalSection
	GlobalSection(SolutionProperties) = preSolution
		HideSolutionNode = FALSE
	EndGlobalSection
	GlobalSection(ExtensibilityGlobals) = postSolution
		SolutionGuid = {78AE4631-8B9F-4426-B49D-5E1F556457E3}
	EndGlobalSection
EndGlobal
