
Microsoft Visual Studio Solution File, Format Version 12.00
# Visual Studio Version 16
VisualStudioVersion = 16.0.31005.135
MinimumVisualStudioVersion = 10.0.40219.1
Project("{FAE04EC0-301F-11D3-BF4B-00C04F79EFBC}") = "Entities", "Entities\Entities.csproj", "{BB9A5770-07A1-4264-8027-9A19108368FE}"
EndProject
Project("{FAE04EC0-301F-11D3-BF4B-00C04F79EFBC}") = "DataAccess", "DataAccess\DataAccess.csproj", "{20279D8D-8A04-44EA-9D85-9C954C43CFA4}"
EndProject
Project("{FAE04EC0-301F-11D3-BF4B-00C04F79EFBC}") = "Business", "Business\Business.csproj", "{2446D20B-51D3-44F0-B428-3CF8E0F549D9}"
EndProject
Project("{FAE04EC0-301F-11D3-BF4B-00C04F79EFBC}") = "ConsoleUI", "ConsoleUI\ConsoleUI.csproj", "{066AB8B8-C8BF-46AC-98E8-EAEF009C3C97}"
EndProject
Global
	GlobalSection(SolutionConfigurationPlatforms) = preSolution
		Debug|Any CPU = Debug|Any CPU
		Release|Any CPU = Release|Any CPU
	EndGlobalSection
	GlobalSection(ProjectConfigurationPlatforms) = postSolution
		{BB9A5770-07A1-4264-8027-9A19108368FE}.Debug|Any CPU.ActiveCfg = Debug|Any CPU
		{BB9A5770-07A1-4264-8027-9A19108368FE}.Debug|Any CPU.Build.0 = Debug|Any CPU
		{BB9A5770-07A1-4264-8027-9A19108368FE}.Release|Any CPU.ActiveCfg = Release|Any CPU
		{BB9A5770-07A1-4264-8027-9A19108368FE}.Release|Any CPU.Build.0 = Release|Any CPU
		{20279D8D-8A04-44EA-9D85-9C954C43CFA4}.Debug|Any CPU.ActiveCfg = Debug|Any CPU
		{20279D8D-8A04-44EA-9D85-9C954C43CFA4}.Debug|Any CPU.Build.0 = Debug|Any CPU
		{20279D8D-8A04-44EA-9D85-9C954C43CFA4}.Release|Any CPU.ActiveCfg = Release|Any CPU
		{20279D8D-8A04-44EA-9D85-9C954C43CFA4}.Release|Any CPU.Build.0 = Release|Any CPU
		{2446D20B-51D3-44F0-B428-3CF8E0F549D9}.Debug|Any CPU.ActiveCfg = Debug|Any CPU
		{2446D20B-51D3-44F0-B428-3CF8E0F549D9}.Debug|Any CPU.Build.0 = Debug|Any CPU
		{2446D20B-51D3-44F0-B428-3CF8E0F549D9}.Release|Any CPU.ActiveCfg = Release|Any CPU
		{2446D20B-51D3-44F0-B428-3CF8E0F549D9}.Release|Any CPU.Build.0 = Release|Any CPU
		{066AB8B8-C8BF-46AC-98E8-EAEF009C3C97}.Debug|Any CPU.ActiveCfg = Debug|Any CPU
		{066AB8B8-C8BF-46AC-98E8-EAEF009C3C97}.Debug|Any CPU.Build.0 = Debug|Any CPU
		{066AB8B8-C8BF-46AC-98E8-EAEF009C3C97}.Release|Any CPU.ActiveCfg = Release|Any CPU
		{066AB8B8-C8BF-46AC-98E8-EAEF009C3C97}.Release|Any CPU.Build.0 = Release|Any CPU
	EndGlobalSection
	GlobalSection(SolutionProperties) = preSolution
		HideSolutionNode = FALSE
	EndGlobalSection
	GlobalSection(ExtensibilityGlobals) = postSolution
		SolutionGuid = {F27893A5-30B8-48AB-996C-882A5C6916DA}
	EndGlobalSection
EndGlobal
